{
  "nodes": {
    "nixpkgs": {
      "locked": {
        "lastModified": 1736038115,
        "narHash": "sha256-FVJtZ84o1HxZthCFrWdm/3VPV2ymVabU0kxef3kxENI=",
        "owner": "NixOS",
        "repo": "nixpkgs",
        "rev": "88a8112a045187670c7e6bfee3c6904fc0e94759",
        "type": "github"
      },
      "original": {
        "owner": "NixOS",
        "repo": "nixpkgs",
        "type": "github"
      }
    },
    "root": {
      "inputs": {
        "nixpkgs": "nixpkgs"
      }
    }
  },
  "root": "root",
  "version": 7
}
