{
  "object": {
    "pins": [
      {
        "package": "swift-argument-parser",
        "repositoryURL": "https://github.com/apple/swift-argument-parser.git",
        "state": {
          "branch": null,
          "revision": "eb51f949cdd0c9d88abba9ce79d37eb7ea1231d0",
          "version": "0.2.0"
        }
      },
      {
        "package": "Swifter",
        "repositoryURL": "https://github.com/httpswift/swifter",
        "state": {
          "branch": null,
          "revision": "f76bf391e127333a371e45c4e75f52f71cfd144f",
          "version": "1.4.5"
        }
      },
      {
        "package": "SwiftIP",
        "repositoryURL": "https://github.com/Samasaur1/SwiftIP",
        "state": {
          "branch": null,
          "revision": "f42abe09b9d35377092071cc64e5a11621aa0a64",
          "version": "2.0.0"
        }
      }
    ]
  },
  "version": 1
}
