{
  "object": {
    "pins": [
      {
        "package": "swift-argument-parser",
        "repositoryURL": "https://github.com/apple/swift-argument-parser.git",
        "state": {
          "branch": null,
          "revision": "92646c0cdbaca076c8d3d0207891785b3379cbff",
          "version": "0.3.1"
        }
      },
      {
        "package": "Swifter",
        "repositoryURL": "https://github.com/Samasaur1/swifter",
        "state": {
          "branch": "simpleswiftserver-version",
          "revision": "0b562dddf2654efa50d42a99923e919202763183",
          "version": null
        }
      },
      {
        "package": "SwiftIP",
        "repositoryURL": "https://github.com/Samasaur1/SwiftIP",
        "state": {
          "branch": null,
          "revision": "a10b6ee21d2f9bdf3c992211905c6b2f67eddee6",
          "version": "2.2.1"
        }
      }
    ]
  },
  "version": 1
}
