{
  "object": {
    "pins": [
      {
        "package": "Swifter",
        "repositoryURL": "https://github.com/httpswift/swifter.git",
        "state": {
          "branch": null,
          "revision": "f76bf391e127333a371e45c4e75f52f71cfd144f",
          "version": "1.4.5"
        }
      },
      {
        "package": "SwiftIP",
        "repositoryURL": "git@github.com:Samasaur1/SwiftIP.git",
        "state": {
          "branch": null,
          "revision": "b0e2a5af58dc65c10c136fbd68c055a0122701a1",
          "version": "1.1.0"
        }
      }
    ]
  },
  "version": 1
}
